
Microsoft Visual Studio Solution File, Format Version 12.00
Project("{FAE04EC0-301F-11D3-BF4B-00C04F79EFBC}") = "MultiThreadedDictionaryBenchmarks", "MultiThreadedDictionaryBenchmarks\MultiThreadedDictionaryBenchmarks.csproj", "{5F1C3E13-F0FA-49BF-8978-9766F0EB474A}"
EndProject
Global
	GlobalSection(SolutionConfigurationPlatforms) = preSolution
		Debug|Any CPU = Debug|Any CPU
		Release|Any CPU = Release|Any CPU
	EndGlobalSection
	GlobalSection(ProjectConfigurationPlatforms) = postSolution
		{5F1C3E13-F0FA-49BF-8978-9766F0EB474A}.Debug|Any CPU.ActiveCfg = Debug|Any CPU
		{5F1C3E13-F0FA-49BF-8978-9766F0EB474A}.Debug|Any CPU.Build.0 = Debug|Any CPU
		{5F1C3E13-F0FA-49BF-8978-9766F0EB474A}.Release|Any CPU.ActiveCfg = Release|Any CPU
		{5F1C3E13-F0FA-49BF-8978-9766F0EB474A}.Release|Any CPU.Build.0 = Release|Any CPU
	EndGlobalSection
EndGlobal
